<?xml version="1.0" encoding="UTF-8" standalone="yes" ?>
<CodeBlocks_project_file>
	<FileVersion major="1" minor="6" />
	<Project>
		<Option title="Impressionist" />
		<Option pch_mode="2" />
		<Option compiler="gcc" />
		<Build>
			<Target title="Debug">
				<Option output="bin/Debug/Impressionist" prefix_auto="1" extension_auto="1" />
				<Option object_output="obj/Debug/" />
				<Option type="1" />
				<Option compiler="gcc" />
				<Compiler>
					<Add option="-g" />
				</Compiler>
			</Target>
			<Target title="Release">
				<Option output="bin/Release/Impressionist" prefix_auto="1" extension_auto="1" />
				<Option object_output="obj/Release/" />
				<Option type="0" />
				<Option compiler="gcc" />
				<Compiler>
					<Add option="-O2" />
					<Add option="-s" />
				</Compiler>
			</Target>
		</Build>
		<Compiler>
			<Add option="`fltk-config --cxxflags`" />
			<Add directory="../../../../../usr/local/include/FL" />
		</Compiler>
		<Linker>
			<Add option="`fltk-config --ldstaticflags`" />
			<Add library="../../../../../usr/local/lib/libfltk_images.a" />
			<Add library="../../../../../usr/local/lib/libfltk_gl.a" />
			<Add library="../../../../../usr/local/lib/libfltk_forms.a" />
			<Add library="../../../../../usr/local/lib/libfltk.a" />
			<Add library="../../../../../usr/lib/x86_64-linux-gnu/libGL.so.1" />
			<Add library="../../../../../usr/lib/x86_64-linux-gnu/libpng16.so.16" />
			<Add library="../../../../../usr/local/lib/libjpeg.a" />
			<Add directory="../../../../../usr/local/lib" />
			<Add directory="../../../../../usr/lib/x86_64-linux-gnu" />
		</Linker>
		<Unit filename="FltDesignUI.cpp" />
		<Unit filename="FltDesignUI.h" />
		<Unit filename="bitmap.cpp" />
		<Unit filename="bitmap.h" />
		<Unit filename="impBrush.cpp" />
		<Unit filename="impBrush.h" />
		<Unit filename="impressionist.cpp" />
		<Unit filename="impressionist.h" />
		<Unit filename="impressionistDoc.cpp" />
		<Unit filename="impressionistDoc.h" />
		<Unit filename="impressionistUI.cpp" />
		<Unit filename="impressionistUI.h" />
		<Unit filename="originalView.cpp" />
		<Unit filename="originalView.h" />
		<Unit filename="paintView.cpp" />
		<Unit filename="paintView.h" />
		<Unit filename="pointBrush.cpp" />
		<Unit filename="pointBrush.h" />
		<Extensions>
			<code_completion />
			<debugger />
		</Extensions>
	</Project>
</CodeBlocks_project_file>
